// !$*UTF8*$!
{
	archiveVersion = 1;
	classes = {
	};
	objectVersion = 48;
	objects = {

/* Begin PBXBuildFile section */
		0D58A8F7208D139A00C36199 /* main.m in Sources */ = {isa = PBXBuildFile; fileRef = 0D58A8F6208D139A00C36199 /* main.m */; };
		0D58A907208D13AC00C36199 /* AdditionQuestion.m in Sources */ = {isa = PBXBuildFile; fileRef = 0D58A8FD208D13AB00C36199 /* AdditionQuestion.m */; };
		0D58A908208D13AC00C36199 /* Question.m in Sources */ = {isa = PBXBuildFile; fileRef = 0D58A900208D13AB00C36199 /* Question.m */; };
		0D58A909208D13AC00C36199 /* SubstractionQuestion.m in Sources */ = {isa = PBXBuildFile; fileRef = 0D58A901208D13AB00C36199 /* SubstractionQuestion.m */; };
		0D58A90A208D13AC00C36199 /* MultiplicationQuestion.m in Sources */ = {isa = PBXBuildFile; fileRef = 0D58A903208D13AB00C36199 /* MultiplicationQuestion.m */; };
		0D58A90B208D13AC00C36199 /* DivisionQuestion.m in Sources */ = {isa = PBXBuildFile; fileRef = 0D58A904208D13AB00C36199 /* DivisionQuestion.m */; };
		0D58A915208D13C200C36199 /* Scorekeeper.m in Sources */ = {isa = PBXBuildFile; fileRef = 0D58A90E208D13C100C36199 /* Scorekeeper.m */; };
		0D58A916208D13C200C36199 /* QuestionManager.m in Sources */ = {isa = PBXBuildFile; fileRef = 0D58A90F208D13C100C36199 /* QuestionManager.m */; };
		0D58A917208D13C200C36199 /* QuestionFactory.m in Sources */ = {isa = PBXBuildFile; fileRef = 0D58A910208D13C200C36199 /* QuestionFactory.m */; };
		0D58A918208D13C200C36199 /* InputHandler.m in Sources */ = {isa = PBXBuildFile; fileRef = 0D58A911208D13C200C36199 /* InputHandler.m */; };
/* End PBXBuildFile section */

/* Begin PBXCopyFilesBuildPhase section */
		0D58A8F1208D139A00C36199 /* CopyFiles */ = {
			isa = PBXCopyFilesBuildPhase;
			buildActionMask = 2147483647;
			dstPath = /usr/share/man/man1/;
			dstSubfolderSpec = 0;
			files = (
			);
			runOnlyForDeploymentPostprocessing = 1;
		};
/* End PBXCopyFilesBuildPhase section */

/* Begin PBXFileReference section */
		0D58A8F3208D139A00C36199 /* Assignment5 */ = {isa = PBXFileReference; explicitFileType = "compiled.mach-o.executable"; includeInIndex = 0; path = Assignment5; sourceTree = BUILT_PRODUCTS_DIR; };
		0D58A8F6208D139A00C36199 /* main.m */ = {isa = PBXFileReference; lastKnownFileType = sourcecode.c.objc; path = main.m; sourceTree = "<group>"; };
		0D58A8FD208D13AB00C36199 /* AdditionQuestion.m */ = {isa = PBXFileReference; fileEncoding = 4; lastKnownFileType = sourcecode.c.objc; path = AdditionQuestion.m; sourceTree = "<group>"; };
		0D58A8FE208D13AB00C36199 /* MultiplicationQuestion.h */ = {isa = PBXFileReference; fileEncoding = 4; lastKnownFileType = sourcecode.c.h; path = MultiplicationQuestion.h; sourceTree = "<group>"; };
		0D58A8FF208D13AB00C36199 /* DivisionQuestion.h */ = {isa = PBXFileReference; fileEncoding = 4; lastKnownFileType = sourcecode.c.h; path = DivisionQuestion.h; sourceTree = "<group>"; };
		0D58A900208D13AB00C36199 /* Question.m */ = {isa = PBXFileReference; fileEncoding = 4; lastKnownFileType = sourcecode.c.objc; path = Question.m; sourceTree = "<group>"; };
		0D58A901208D13AB00C36199 /* SubstractionQuestion.m */ = {isa = PBXFileReference; fileEncoding = 4; lastKnownFileType = sourcecode.c.objc; path = SubstractionQuestion.m; sourceTree = "<group>"; };
		0D58A902208D13AB00C36199 /* AdditionQuestion.h */ = {isa = PBXFileReference; fileEncoding = 4; lastKnownFileType = sourcecode.c.h; path = AdditionQuestion.h; sourceTree = "<group>"; };
		0D58A903208D13AB00C36199 /* MultiplicationQuestion.m */ = {isa = PBXFileReference; fileEncoding = 4; lastKnownFileType = sourcecode.c.objc; path = MultiplicationQuestion.m; sourceTree = "<group>"; };
		0D58A904208D13AB00C36199 /* DivisionQuestion.m */ = {isa = PBXFileReference; fileEncoding = 4; lastKnownFileType = sourcecode.c.objc; path = DivisionQuestion.m; sourceTree = "<group>"; };
		0D58A905208D13AC00C36199 /* Question.h */ = {isa = PBXFileReference; fileEncoding = 4; lastKnownFileType = sourcecode.c.h; path = Question.h; sourceTree = "<group>"; };
		0D58A906208D13AC00C36199 /* SubstractionQuestion.h */ = {isa = PBXFileReference; fileEncoding = 4; lastKnownFileType = sourcecode.c.h; path = SubstractionQuestion.h; sourceTree = "<group>"; };
		0D58A90D208D13C100C36199 /* Scorekeeper.h */ = {isa = PBXFileReference; fileEncoding = 4; lastKnownFileType = sourcecode.c.h; path = Scorekeeper.h; sourceTree = "<group>"; };
		0D58A90E208D13C100C36199 /* Scorekeeper.m */ = {isa = PBXFileReference; fileEncoding = 4; lastKnownFileType = sourcecode.c.objc; path = Scorekeeper.m; sourceTree = "<group>"; };
		0D58A90F208D13C100C36199 /* QuestionManager.m */ = {isa = PBXFileReference; fileEncoding = 4; lastKnownFileType = sourcecode.c.objc; path = QuestionManager.m; sourceTree = "<group>"; };
		0D58A910208D13C200C36199 /* QuestionFactory.m */ = {isa = PBXFileReference; fileEncoding = 4; lastKnownFileType = sourcecode.c.objc; path = QuestionFactory.m; sourceTree = "<group>"; };
		0D58A911208D13C200C36199 /* InputHandler.m */ = {isa = PBXFileReference; fileEncoding = 4; lastKnownFileType = sourcecode.c.objc; path = InputHandler.m; sourceTree = "<group>"; };
		0D58A912208D13C200C36199 /* QuestionFactory.h */ = {isa = PBXFileReference; fileEncoding = 4; lastKnownFileType = sourcecode.c.h; path = QuestionFactory.h; sourceTree = "<group>"; };
		0D58A913208D13C200C36199 /* QuestionManager.h */ = {isa = PBXFileReference; fileEncoding = 4; lastKnownFileType = sourcecode.c.h; path = QuestionManager.h; sourceTree = "<group>"; };
		0D58A914208D13C200C36199 /* InputHandler.h */ = {isa = PBXFileReference; fileEncoding = 4; lastKnownFileType = sourcecode.c.h; path = InputHandler.h; sourceTree = "<group>"; };
/* End PBXFileReference section */

/* Begin PBXFrameworksBuildPhase section */
		0D58A8F0208D139A00C36199 /* Frameworks */ = {
			isa = PBXFrameworksBuildPhase;
			buildActionMask = 2147483647;
			files = (
			);
			runOnlyForDeploymentPostprocessing = 0;
		};
/* End PBXFrameworksBuildPhase section */

/* Begin PBXGroup section */
		0D58A8EA208D139900C36199 = {
			isa = PBXGroup;
			children = (
				0D58A8F5208D139A00C36199 /* Assignment5 */,
				0D58A8F4208D139A00C36199 /* Products */,
			);
			sourceTree = "<group>";
		};
		0D58A8F4208D139A00C36199 /* Products */ = {
			isa = PBXGroup;
			children = (
				0D58A8F3208D139A00C36199 /* Assignment5 */,
			);
			name = Products;
			sourceTree = "<group>";
		};
		0D58A8F5208D139A00C36199 /* Assignment5 */ = {
			isa = PBXGroup;
			children = (
				0D58A919208D13C700C36199 /* util */,
				0D58A90C208D13B200C36199 /* model */,
				0D58A8F6208D139A00C36199 /* main.m */,
			);
			path = Assignment5;
			sourceTree = "<group>";
		};
		0D58A90C208D13B200C36199 /* model */ = {
			isa = PBXGroup;
			children = (
				0D58A902208D13AB00C36199 /* AdditionQuestion.h */,
				0D58A8FD208D13AB00C36199 /* AdditionQuestion.m */,
				0D58A8FF208D13AB00C36199 /* DivisionQuestion.h */,
				0D58A904208D13AB00C36199 /* DivisionQuestion.m */,
				0D58A8FE208D13AB00C36199 /* MultiplicationQuestion.h */,
				0D58A903208D13AB00C36199 /* MultiplicationQuestion.m */,
				0D58A905208D13AC00C36199 /* Question.h */,
				0D58A900208D13AB00C36199 /* Question.m */,
				0D58A906208D13AC00C36199 /* SubstractionQuestion.h */,
				0D58A901208D13AB00C36199 /* SubstractionQuestion.m */,
			);
			path = model;
			sourceTree = "<group>";
		};
		0D58A919208D13C700C36199 /* util */ = {
			isa = PBXGroup;
			children = (
				0D58A914208D13C200C36199 /* InputHandler.h */,
				0D58A911208D13C200C36199 /* InputHandler.m */,
				0D58A912208D13C200C36199 /* QuestionFactory.h */,
				0D58A910208D13C200C36199 /* QuestionFactory.m */,
				0D58A913208D13C200C36199 /* QuestionManager.h */,
				0D58A90F208D13C100C36199 /* QuestionManager.m */,
				0D58A90D208D13C100C36199 /* Scorekeeper.h */,
				0D58A90E208D13C100C36199 /* Scorekeeper.m */,
			);
			path = util;
			sourceTree = "<group>";
		};
/* End PBXGroup section */

/* Begin PBXNativeTarget section */
		0D58A8F2208D139A00C36199 /* Assignment5 */ = {
			isa = PBXNativeTarget;
			buildConfigurationList = 0D58A8FA208D139A00C36199 /* Build configuration list for PBXNativeTarget "Assignment5" */;
			buildPhases = (
				0D58A8EF208D139A00C36199 /* Sources */,
				0D58A8F0208D139A00C36199 /* Frameworks */,
				0D58A8F1208D139A00C36199 /* CopyFiles */,
			);
			buildRules = (
			);
			dependencies = (
			);
			name = Assignment5;
			productName = Assignment5;
			productReference = 0D58A8F3208D139A00C36199 /* Assignment5 */;
			productType = "com.apple.product-type.tool";
		};
/* End PBXNativeTarget section */

/* Begin PBXProject section */
		0D58A8EB208D139900C36199 /* Project object */ = {
			isa = PBXProject;
			attributes = {
				LastUpgradeCheck = 0920;
				ORGANIZATIONNAME = com.Haruka;
				TargetAttributes = {
					0D58A8F2208D139A00C36199 = {
						CreatedOnToolsVersion = 9.2;
						ProvisioningStyle = Automatic;
					};
				};
			};
			buildConfigurationList = 0D58A8EE208D139900C36199 /* Build configuration list for PBXProject "Assignment5" */;
			compatibilityVersion = "Xcode 8.0";
			developmentRegion = en;
			hasScannedForEncodings = 0;
			knownRegions = (
				en,
			);
			mainGroup = 0D58A8EA208D139900C36199;
			productRefGroup = 0D58A8F4208D139A00C36199 /* Products */;
			projectDirPath = "";
			projectRoot = "";
			targets = (
				0D58A8F2208D139A00C36199 /* Assignment5 */,
			);
		};
/* End PBXProject section */

/* Begin PBXSourcesBuildPhase section */
		0D58A8EF208D139A00C36199 /* Sources */ = {
			isa = PBXSourcesBuildPhase;
			buildActionMask = 2147483647;
			files = (
				0D58A90B208D13AC00C36199 /* DivisionQuestion.m in Sources */,
				0D58A908208D13AC00C36199 /* Question.m in Sources */,
				0D58A8F7208D139A00C36199 /* main.m in Sources */,
				0D58A915208D13C200C36199 /* Scorekeeper.m in Sources */,
				0D58A90A208D13AC00C36199 /* MultiplicationQuestion.m in Sources */,
				0D58A909208D13AC00C36199 /* SubstractionQuestion.m in Sources */,
				0D58A917208D13C200C36199 /* QuestionFactory.m in Sources */,
				0D58A907208D13AC00C36199 /* AdditionQuestion.m in Sources */,
				0D58A916208D13C200C36199 /* QuestionManager.m in Sources */,
				0D58A918208D13C200C36199 /* InputHandler.m in Sources */,
			);
			runOnlyForDeploymentPostprocessing = 0;
		};
/* End PBXSourcesBuildPhase section */

/* Begin XCBuildConfiguration section */
		0D58A8F8208D139A00C36199 /* Debug */ = {
			isa = XCBuildConfiguration;
			buildSettings = {
				ALWAYS_SEARCH_USER_PATHS = NO;
				CLANG_ANALYZER_NONNULL = YES;
				CLANG_ANALYZER_NUMBER_OBJECT_CONVERSION = YES_AGGRESSIVE;
				CLANG_CXX_LANGUAGE_STANDARD = "gnu++14";
				CLANG_CXX_LIBRARY = "libc++";
				CLANG_ENABLE_MODULES = YES;
				CLANG_ENABLE_OBJC_ARC = YES;
				CLANG_WARN_BLOCK_CAPTURE_AUTORELEASING = YES;
				CLANG_WARN_BOOL_CONVERSION = YES;
				CLANG_WARN_COMMA = YES;
				CLANG_WARN_CONSTANT_CONVERSION = YES;
				CLANG_WARN_DIRECT_OBJC_ISA_USAGE = YES_ERROR;
				CLANG_WARN_DOCUMENTATION_COMMENTS = YES;
				CLANG_WARN_EMPTY_BODY = YES;
				CLANG_WARN_ENUM_CONVERSION = YES;
				CLANG_WARN_INFINITE_RECURSION = YES;
				CLANG_WARN_INT_CONVERSION = YES;
				CLANG_WARN_NON_LITERAL_NULL_CONVERSION = YES;
				CLANG_WARN_OBJC_LITERAL_CONVERSION = YES;
				CLANG_WARN_OBJC_ROOT_CLASS = YES_ERROR;
				CLANG_WARN_RANGE_LOOP_ANALYSIS = YES;
				CLANG_WARN_STRICT_PROTOTYPES = YES;
				CLANG_WARN_SUSPICIOUS_MOVE = YES;
				CLANG_WARN_UNGUARDED_AVAILABILITY = YES_AGGRESSIVE;
				CLANG_WARN_UNREACHABLE_CODE = YES;
				CLANG_WARN__DUPLICATE_METHOD_MATCH = YES;
				CODE_SIGN_IDENTITY = "-";
				COPY_PHASE_STRIP = NO;
				DEBUG_INFORMATION_FORMAT = dwarf;
				ENABLE_STRICT_OBJC_MSGSEND = YES;
				ENABLE_TESTABILITY = YES;
				GCC_C_LANGUAGE_STANDARD = gnu11;
				GCC_DYNAMIC_NO_PIC = NO;
				GCC_NO_COMMON_BLOCKS = YES;
				GCC_OPTIMIZATION_LEVEL = 0;
				GCC_PREPROCESSOR_DEFINITIONS = (
					"DEBUG=1",
					"$(inherited)",
				);
				GCC_WARN_64_TO_32_BIT_CONVERSION = YES;
				GCC_WARN_ABOUT_RETURN_TYPE = YES_ERROR;
				GCC_WARN_UNDECLARED_SELECTOR = YES;
				GCC_WARN_UNINITIALIZED_AUTOS = YES_AGGRESSIVE;
				GCC_WARN_UNUSED_FUNCTION = YES;
				GCC_WARN_UNUSED_VARIABLE = YES;
				MACOSX_DEPLOYMENT_TARGET = 10.12;
				MTL_ENABLE_DEBUG_INFO = YES;
				ONLY_ACTIVE_ARCH = YES;
				SDKROOT = macosx;
			};
			name = Debug;
		};
		0D58A8F9208D139A00C36199 /* Release */ = {
			isa = XCBuildConfiguration;
			buildSettings = {
				ALWAYS_SEARCH_USER_PATHS = NO;
				CLANG_ANALYZER_NONNULL = YES;
				CLANG_ANALYZER_NUMBER_OBJECT_CONVERSION = YES_AGGRESSIVE;
				CLANG_CXX_LANGUAGE_STANDARD = "gnu++14";
				CLANG_CXX_LIBRARY = "libc++";
				CLANG_ENABLE_MODULES = YES;
				CLANG_ENABLE_OBJC_ARC = YES;
				CLANG_WARN_BLOCK_CAPTURE_AUTORELEASING = YES;
				CLANG_WARN_BOOL_CONVERSION = YES;
				CLANG_WARN_COMMA = YES;
				CLANG_WARN_CONSTANT_CONVERSION = YES;
				CLANG_WARN_DIRECT_OBJC_ISA_USAGE = YES_ERROR;
				CLANG_WARN_DOCUMENTATION_COMMENTS = YES;
				CLANG_WARN_EMPTY_BODY = YES;
				CLANG_WARN_ENUM_CONVERSION = YES;
				CLANG_WARN_INFINITE_RECURSION = YES;
				CLANG_WARN_INT_CONVERSION = YES;
				CLANG_WARN_NON_LITERAL_NULL_CONVERSION = YES;
				CLANG_WARN_OBJC_LITERAL_CONVERSION = YES;
				CLANG_WARN_OBJC_ROOT_CLASS = YES_ERROR;
				CLANG_WARN_RANGE_LOOP_ANALYSIS = YES;
				CLANG_WARN_STRICT_PROTOTYPES = YES;
				CLANG_WARN_SUSPICIOUS_MOVE = YES;
				CLANG_WARN_UNGUARDED_AVAILABILITY = YES_AGGRESSIVE;
				CLANG_WARN_UNREACHABLE_CODE = YES;
				CLANG_WARN__DUPLICATE_METHOD_MATCH = YES;
				CODE_SIGN_IDENTITY = "-";
				COPY_PHASE_STRIP = NO;
				DEBUG_INFORMATION_FORMAT = "dwarf-with-dsym";
				ENABLE_NS_ASSERTIONS = NO;
				ENABLE_STRICT_OBJC_MSGSEND = YES;
				GCC_C_LANGUAGE_STANDARD = gnu11;
				GCC_NO_COMMON_BLOCKS = YES;
				GCC_WARN_64_TO_32_BIT_CONVERSION = YES;
				GCC_WARN_ABOUT_RETURN_TYPE = YES_ERROR;
				GCC_WARN_UNDECLARED_SELECTOR = YES;
				GCC_WARN_UNINITIALIZED_AUTOS = YES_AGGRESSIVE;
				GCC_WARN_UNUSED_FUNCTION = YES;
				GCC_WARN_UNUSED_VARIABLE = YES;
				MACOSX_DEPLOYMENT_TARGET = 10.12;
				MTL_ENABLE_DEBUG_INFO = NO;
				SDKROOT = macosx;
			};
			name = Release;
		};
		0D58A8FB208D139A00C36199 /* Debug */ = {
			isa = XCBuildConfiguration;
			buildSettings = {
				CODE_SIGN_STYLE = Automatic;
				PRODUCT_NAME = "$(TARGET_NAME)";
			};
			name = Debug;
		};
		0D58A8FC208D139A00C36199 /* Release */ = {
			isa = XCBuildConfiguration;
			buildSettings = {
				CODE_SIGN_STYLE = Automatic;
				PRODUCT_NAME = "$(TARGET_NAME)";
			};
			name = Release;
		};
/* End XCBuildConfiguration section */

/* Begin XCConfigurationList section */
		0D58A8EE208D139900C36199 /* Build configuration list for PBXProject "Assignment5" */ = {
			isa = XCConfigurationList;
			buildConfigurations = (
				0D58A8F8208D139A00C36199 /* Debug */,
				0D58A8F9208D139A00C36199 /* Release */,
			);
			defaultConfigurationIsVisible = 0;
			defaultConfigurationName = Release;
		};
		0D58A8FA208D139A00C36199 /* Build configuration list for PBXNativeTarget "Assignment5" */ = {
			isa = XCConfigurationList;
			buildConfigurations = (
				0D58A8FB208D139A00C36199 /* Debug */,
				0D58A8FC208D139A00C36199 /* Release */,
			);
			defaultConfigurationIsVisible = 0;
			defaultConfigurationName = Release;
		};
/* End XCConfigurationList section */
	};
	rootObject = 0D58A8EB208D139900C36199 /* Project object */;
}
