// !$*UTF8*$!
{
	archiveVersion = 1;
	classes = {
	};
	objectVersion = 48;
	objects = {

/* Begin PBXBuildFile section */
		0D77E9AF20911CB300D90FE6 /* main.m in Sources */ = {isa = PBXBuildFile; fileRef = 0D77E9AE20911CB300D90FE6 /* main.m */; };
		0D77E9BD20911E5C00D90FE6 /* FoodTruck.m in Sources */ = {isa = PBXBuildFile; fileRef = 0D77E9BB20911E5C00D90FE6 /* FoodTruck.m */; };
		0D77E9C020911F6A00D90FE6 /* FriendlyGreetingDecider.m in Sources */ = {isa = PBXBuildFile; fileRef = 0D77E9BF20911F6A00D90FE6 /* FriendlyGreetingDecider.m */; };
		0D77E9C3209123F300D90FE6 /* HorribleGreetingDecider.m in Sources */ = {isa = PBXBuildFile; fileRef = 0D77E9C2209123F300D90FE6 /* HorribleGreetingDecider.m */; };
		0D77E9C62091251500D90FE6 /* Cook.m in Sources */ = {isa = PBXBuildFile; fileRef = 0D77E9C52091251500D90FE6 /* Cook.m */; };
		0D77E9C9209126F600D90FE6 /* Server.m in Sources */ = {isa = PBXBuildFile; fileRef = 0D77E9C8209126F600D90FE6 /* Server.m */; };
		0D77E9CC209127C400D90FE6 /* Greeter.m in Sources */ = {isa = PBXBuildFile; fileRef = 0D77E9CB209127C300D90FE6 /* Greeter.m */; };
/* End PBXBuildFile section */

/* Begin PBXCopyFilesBuildPhase section */
		0D77E9A920911CB300D90FE6 /* CopyFiles */ = {
			isa = PBXCopyFilesBuildPhase;
			buildActionMask = 2147483647;
			dstPath = /usr/share/man/man1/;
			dstSubfolderSpec = 0;
			files = (
			);
			runOnlyForDeploymentPostprocessing = 1;
		};
/* End PBXCopyFilesBuildPhase section */

/* Begin PBXFileReference section */
		0D77E9AB20911CB300D90FE6 /* Assignment9 */ = {isa = PBXFileReference; explicitFileType = "compiled.mach-o.executable"; includeInIndex = 0; path = Assignment9; sourceTree = BUILT_PRODUCTS_DIR; };
		0D77E9AE20911CB300D90FE6 /* main.m */ = {isa = PBXFileReference; lastKnownFileType = sourcecode.c.objc; path = main.m; sourceTree = "<group>"; };
		0D77E9BB20911E5C00D90FE6 /* FoodTruck.m */ = {isa = PBXFileReference; fileEncoding = 4; lastKnownFileType = sourcecode.c.objc; path = FoodTruck.m; sourceTree = "<group>"; };
		0D77E9BC20911E5C00D90FE6 /* FoodTruck.h */ = {isa = PBXFileReference; fileEncoding = 4; lastKnownFileType = sourcecode.c.h; path = FoodTruck.h; sourceTree = "<group>"; };
		0D77E9BE20911F6A00D90FE6 /* FriendlyGreetingDecider.h */ = {isa = PBXFileReference; lastKnownFileType = sourcecode.c.h; path = FriendlyGreetingDecider.h; sourceTree = "<group>"; };
		0D77E9BF20911F6A00D90FE6 /* FriendlyGreetingDecider.m */ = {isa = PBXFileReference; lastKnownFileType = sourcecode.c.objc; path = FriendlyGreetingDecider.m; sourceTree = "<group>"; };
		0D77E9C1209123F300D90FE6 /* HorribleGreetingDecider.h */ = {isa = PBXFileReference; lastKnownFileType = sourcecode.c.h; path = HorribleGreetingDecider.h; sourceTree = "<group>"; };
		0D77E9C2209123F300D90FE6 /* HorribleGreetingDecider.m */ = {isa = PBXFileReference; lastKnownFileType = sourcecode.c.objc; path = HorribleGreetingDecider.m; sourceTree = "<group>"; };
		0D77E9C42091251500D90FE6 /* Cook.h */ = {isa = PBXFileReference; lastKnownFileType = sourcecode.c.h; path = Cook.h; sourceTree = "<group>"; };
		0D77E9C52091251500D90FE6 /* Cook.m */ = {isa = PBXFileReference; lastKnownFileType = sourcecode.c.objc; path = Cook.m; sourceTree = "<group>"; };
		0D77E9C7209126F600D90FE6 /* Server.h */ = {isa = PBXFileReference; lastKnownFileType = sourcecode.c.h; path = Server.h; sourceTree = "<group>"; };
		0D77E9C8209126F600D90FE6 /* Server.m */ = {isa = PBXFileReference; lastKnownFileType = sourcecode.c.objc; path = Server.m; sourceTree = "<group>"; };
		0D77E9CA209127C300D90FE6 /* Greeter.h */ = {isa = PBXFileReference; fileEncoding = 4; lastKnownFileType = sourcecode.c.h; path = Greeter.h; sourceTree = "<group>"; };
		0D77E9CB209127C300D90FE6 /* Greeter.m */ = {isa = PBXFileReference; fileEncoding = 4; lastKnownFileType = sourcecode.c.objc; path = Greeter.m; sourceTree = "<group>"; };
/* End PBXFileReference section */

/* Begin PBXFrameworksBuildPhase section */
		0D77E9A820911CB300D90FE6 /* Frameworks */ = {
			isa = PBXFrameworksBuildPhase;
			buildActionMask = 2147483647;
			files = (
			);
			runOnlyForDeploymentPostprocessing = 0;
		};
/* End PBXFrameworksBuildPhase section */

/* Begin PBXGroup section */
		0D77E9A220911CB300D90FE6 = {
			isa = PBXGroup;
			children = (
				0D77E9AD20911CB300D90FE6 /* Assignment9 */,
				0D77E9AC20911CB300D90FE6 /* Products */,
			);
			sourceTree = "<group>";
		};
		0D77E9AC20911CB300D90FE6 /* Products */ = {
			isa = PBXGroup;
			children = (
				0D77E9AB20911CB300D90FE6 /* Assignment9 */,
			);
			name = Products;
			sourceTree = "<group>";
		};
		0D77E9AD20911CB300D90FE6 /* Assignment9 */ = {
			isa = PBXGroup;
			children = (
				0D77E9CA209127C300D90FE6 /* Greeter.h */,
				0D77E9CB209127C300D90FE6 /* Greeter.m */,
				0D77E9BC20911E5C00D90FE6 /* FoodTruck.h */,
				0D77E9BB20911E5C00D90FE6 /* FoodTruck.m */,
				0D77E9AE20911CB300D90FE6 /* main.m */,
				0D77E9BE20911F6A00D90FE6 /* FriendlyGreetingDecider.h */,
				0D77E9BF20911F6A00D90FE6 /* FriendlyGreetingDecider.m */,
				0D77E9C1209123F300D90FE6 /* HorribleGreetingDecider.h */,
				0D77E9C2209123F300D90FE6 /* HorribleGreetingDecider.m */,
				0D77E9C42091251500D90FE6 /* Cook.h */,
				0D77E9C52091251500D90FE6 /* Cook.m */,
				0D77E9C7209126F600D90FE6 /* Server.h */,
				0D77E9C8209126F600D90FE6 /* Server.m */,
			);
			path = Assignment9;
			sourceTree = "<group>";
		};
/* End PBXGroup section */

/* Begin PBXNativeTarget section */
		0D77E9AA20911CB300D90FE6 /* Assignment9 */ = {
			isa = PBXNativeTarget;
			buildConfigurationList = 0D77E9B220911CB300D90FE6 /* Build configuration list for PBXNativeTarget "Assignment9" */;
			buildPhases = (
				0D77E9A720911CB300D90FE6 /* Sources */,
				0D77E9A820911CB300D90FE6 /* Frameworks */,
				0D77E9A920911CB300D90FE6 /* CopyFiles */,
			);
			buildRules = (
			);
			dependencies = (
			);
			name = Assignment9;
			productName = Assignment9;
			productReference = 0D77E9AB20911CB300D90FE6 /* Assignment9 */;
			productType = "com.apple.product-type.tool";
		};
/* End PBXNativeTarget section */

/* Begin PBXProject section */
		0D77E9A320911CB300D90FE6 /* Project object */ = {
			isa = PBXProject;
			attributes = {
				LastUpgradeCheck = 0920;
				ORGANIZATIONNAME = com.Haruka;
				TargetAttributes = {
					0D77E9AA20911CB300D90FE6 = {
						CreatedOnToolsVersion = 9.2;
						ProvisioningStyle = Automatic;
					};
				};
			};
			buildConfigurationList = 0D77E9A620911CB300D90FE6 /* Build configuration list for PBXProject "Assignment9" */;
			compatibilityVersion = "Xcode 8.0";
			developmentRegion = en;
			hasScannedForEncodings = 0;
			knownRegions = (
				en,
			);
			mainGroup = 0D77E9A220911CB300D90FE6;
			productRefGroup = 0D77E9AC20911CB300D90FE6 /* Products */;
			projectDirPath = "";
			projectRoot = "";
			targets = (
				0D77E9AA20911CB300D90FE6 /* Assignment9 */,
			);
		};
/* End PBXProject section */

/* Begin PBXSourcesBuildPhase section */
		0D77E9A720911CB300D90FE6 /* Sources */ = {
			isa = PBXSourcesBuildPhase;
			buildActionMask = 2147483647;
			files = (
				0D77E9C9209126F600D90FE6 /* Server.m in Sources */,
				0D77E9C3209123F300D90FE6 /* HorribleGreetingDecider.m in Sources */,
				0D77E9C020911F6A00D90FE6 /* FriendlyGreetingDecider.m in Sources */,
				0D77E9C62091251500D90FE6 /* Cook.m in Sources */,
				0D77E9AF20911CB300D90FE6 /* main.m in Sources */,
				0D77E9CC209127C400D90FE6 /* Greeter.m in Sources */,
				0D77E9BD20911E5C00D90FE6 /* FoodTruck.m in Sources */,
			);
			runOnlyForDeploymentPostprocessing = 0;
		};
/* End PBXSourcesBuildPhase section */

/* Begin XCBuildConfiguration section */
		0D77E9B020911CB300D90FE6 /* Debug */ = {
			isa = XCBuildConfiguration;
			buildSettings = {
				ALWAYS_SEARCH_USER_PATHS = NO;
				CLANG_ANALYZER_NONNULL = YES;
				CLANG_ANALYZER_NUMBER_OBJECT_CONVERSION = YES_AGGRESSIVE;
				CLANG_CXX_LANGUAGE_STANDARD = "gnu++14";
				CLANG_CXX_LIBRARY = "libc++";
				CLANG_ENABLE_MODULES = YES;
				CLANG_ENABLE_OBJC_ARC = YES;
				CLANG_WARN_BLOCK_CAPTURE_AUTORELEASING = YES;
				CLANG_WARN_BOOL_CONVERSION = YES;
				CLANG_WARN_COMMA = YES;
				CLANG_WARN_CONSTANT_CONVERSION = YES;
				CLANG_WARN_DIRECT_OBJC_ISA_USAGE = YES_ERROR;
				CLANG_WARN_DOCUMENTATION_COMMENTS = YES;
				CLANG_WARN_EMPTY_BODY = YES;
				CLANG_WARN_ENUM_CONVERSION = YES;
				CLANG_WARN_INFINITE_RECURSION = YES;
				CLANG_WARN_INT_CONVERSION = YES;
				CLANG_WARN_NON_LITERAL_NULL_CONVERSION = YES;
				CLANG_WARN_OBJC_LITERAL_CONVERSION = YES;
				CLANG_WARN_OBJC_ROOT_CLASS = YES_ERROR;
				CLANG_WARN_RANGE_LOOP_ANALYSIS = YES;
				CLANG_WARN_STRICT_PROTOTYPES = YES;
				CLANG_WARN_SUSPICIOUS_MOVE = YES;
				CLANG_WARN_UNGUARDED_AVAILABILITY = YES_AGGRESSIVE;
				CLANG_WARN_UNREACHABLE_CODE = YES;
				CLANG_WARN__DUPLICATE_METHOD_MATCH = YES;
				CODE_SIGN_IDENTITY = "-";
				COPY_PHASE_STRIP = NO;
				DEBUG_INFORMATION_FORMAT = dwarf;
				ENABLE_STRICT_OBJC_MSGSEND = YES;
				ENABLE_TESTABILITY = YES;
				GCC_C_LANGUAGE_STANDARD = gnu11;
				GCC_DYNAMIC_NO_PIC = NO;
				GCC_NO_COMMON_BLOCKS = YES;
				GCC_OPTIMIZATION_LEVEL = 0;
				GCC_PREPROCESSOR_DEFINITIONS = (
					"DEBUG=1",
					"$(inherited)",
				);
				GCC_WARN_64_TO_32_BIT_CONVERSION = YES;
				GCC_WARN_ABOUT_RETURN_TYPE = YES_ERROR;
				GCC_WARN_UNDECLARED_SELECTOR = YES;
				GCC_WARN_UNINITIALIZED_AUTOS = YES_AGGRESSIVE;
				GCC_WARN_UNUSED_FUNCTION = YES;
				GCC_WARN_UNUSED_VARIABLE = YES;
				MACOSX_DEPLOYMENT_TARGET = 10.12;
				MTL_ENABLE_DEBUG_INFO = YES;
				ONLY_ACTIVE_ARCH = YES;
				SDKROOT = macosx;
			};
			name = Debug;
		};
		0D77E9B120911CB300D90FE6 /* Release */ = {
			isa = XCBuildConfiguration;
			buildSettings = {
				ALWAYS_SEARCH_USER_PATHS = NO;
				CLANG_ANALYZER_NONNULL = YES;
				CLANG_ANALYZER_NUMBER_OBJECT_CONVERSION = YES_AGGRESSIVE;
				CLANG_CXX_LANGUAGE_STANDARD = "gnu++14";
				CLANG_CXX_LIBRARY = "libc++";
				CLANG_ENABLE_MODULES = YES;
				CLANG_ENABLE_OBJC_ARC = YES;
				CLANG_WARN_BLOCK_CAPTURE_AUTORELEASING = YES;
				CLANG_WARN_BOOL_CONVERSION = YES;
				CLANG_WARN_COMMA = YES;
				CLANG_WARN_CONSTANT_CONVERSION = YES;
				CLANG_WARN_DIRECT_OBJC_ISA_USAGE = YES_ERROR;
				CLANG_WARN_DOCUMENTATION_COMMENTS = YES;
				CLANG_WARN_EMPTY_BODY = YES;
				CLANG_WARN_ENUM_CONVERSION = YES;
				CLANG_WARN_INFINITE_RECURSION = YES;
				CLANG_WARN_INT_CONVERSION = YES;
				CLANG_WARN_NON_LITERAL_NULL_CONVERSION = YES;
				CLANG_WARN_OBJC_LITERAL_CONVERSION = YES;
				CLANG_WARN_OBJC_ROOT_CLASS = YES_ERROR;
				CLANG_WARN_RANGE_LOOP_ANALYSIS = YES;
				CLANG_WARN_STRICT_PROTOTYPES = YES;
				CLANG_WARN_SUSPICIOUS_MOVE = YES;
				CLANG_WARN_UNGUARDED_AVAILABILITY = YES_AGGRESSIVE;
				CLANG_WARN_UNREACHABLE_CODE = YES;
				CLANG_WARN__DUPLICATE_METHOD_MATCH = YES;
				CODE_SIGN_IDENTITY = "-";
				COPY_PHASE_STRIP = NO;
				DEBUG_INFORMATION_FORMAT = "dwarf-with-dsym";
				ENABLE_NS_ASSERTIONS = NO;
				ENABLE_STRICT_OBJC_MSGSEND = YES;
				GCC_C_LANGUAGE_STANDARD = gnu11;
				GCC_NO_COMMON_BLOCKS = YES;
				GCC_WARN_64_TO_32_BIT_CONVERSION = YES;
				GCC_WARN_ABOUT_RETURN_TYPE = YES_ERROR;
				GCC_WARN_UNDECLARED_SELECTOR = YES;
				GCC_WARN_UNINITIALIZED_AUTOS = YES_AGGRESSIVE;
				GCC_WARN_UNUSED_FUNCTION = YES;
				GCC_WARN_UNUSED_VARIABLE = YES;
				MACOSX_DEPLOYMENT_TARGET = 10.12;
				MTL_ENABLE_DEBUG_INFO = NO;
				SDKROOT = macosx;
			};
			name = Release;
		};
		0D77E9B320911CB300D90FE6 /* Debug */ = {
			isa = XCBuildConfiguration;
			buildSettings = {
				CODE_SIGN_STYLE = Automatic;
				PRODUCT_NAME = "$(TARGET_NAME)";
			};
			name = Debug;
		};
		0D77E9B420911CB300D90FE6 /* Release */ = {
			isa = XCBuildConfiguration;
			buildSettings = {
				CODE_SIGN_STYLE = Automatic;
				PRODUCT_NAME = "$(TARGET_NAME)";
			};
			name = Release;
		};
/* End XCBuildConfiguration section */

/* Begin XCConfigurationList section */
		0D77E9A620911CB300D90FE6 /* Build configuration list for PBXProject "Assignment9" */ = {
			isa = XCConfigurationList;
			buildConfigurations = (
				0D77E9B020911CB300D90FE6 /* Debug */,
				0D77E9B120911CB300D90FE6 /* Release */,
			);
			defaultConfigurationIsVisible = 0;
			defaultConfigurationName = Release;
		};
		0D77E9B220911CB300D90FE6 /* Build configuration list for PBXNativeTarget "Assignment9" */ = {
			isa = XCConfigurationList;
			buildConfigurations = (
				0D77E9B320911CB300D90FE6 /* Debug */,
				0D77E9B420911CB300D90FE6 /* Release */,
			);
			defaultConfigurationIsVisible = 0;
			defaultConfigurationName = Release;
		};
/* End XCConfigurationList section */
	};
	rootObject = 0D77E9A320911CB300D90FE6 /* Project object */;
}
